
Microsoft Visual Studio Solution File, Format Version 10.00
# Visual Studio 2008
Project("{FAE04EC0-301F-11D3-BF4B-00C04F79EFBC}") = "ShoopSallon", "ShoopSallon\ShoopSallon.csproj", "{9ACCBA48-20C4-490E-AA9F-6FCD32C5ED29}"
EndProject
Global
	GlobalSection(SolutionConfigurationPlatforms) = preSolution
		Debug|Any CPU = Debug|Any CPU
		Release|Any CPU = Release|Any CPU
	EndGlobalSection
	GlobalSection(ProjectConfigurationPlatforms) = postSolution
		{9ACCBA48-20C4-490E-AA9F-6FCD32C5ED29}.Debug|Any CPU.ActiveCfg = Debug|Any CPU
		{9ACCBA48-20C4-490E-AA9F-6FCD32C5ED29}.Debug|Any CPU.Build.0 = Debug|Any CPU
		{9ACCBA48-20C4-490E-AA9F-6FCD32C5ED29}.Release|Any CPU.ActiveCfg = Release|Any CPU
		{9ACCBA48-20C4-490E-AA9F-6FCD32C5ED29}.Release|Any CPU.Build.0 = Release|Any CPU
	EndGlobalSection
	GlobalSection(SolutionProperties) = preSolution
		HideSolutionNode = FALSE
	EndGlobalSection
EndGlobal
