
Microsoft Visual Studio Solution File, Format Version 12.00
# Visual Studio 2012
Project("{8BC9CEB8-8B4A-11D0-8D11-00A0C91BC942}") = "Test_opengl_poligon", "Test_opengl_poligon\Test_opengl_poligon.vcxproj", "{79DE351C-6EB9-4305-85AD-69FE89338049}"
EndProject
Global
	GlobalSection(SolutionConfigurationPlatforms) = preSolution
		Debug|Win32 = Debug|Win32
		Release|Win32 = Release|Win32
	EndGlobalSection
	GlobalSection(ProjectConfigurationPlatforms) = postSolution
		{79DE351C-6EB9-4305-85AD-69FE89338049}.Debug|Win32.ActiveCfg = Debug|Win32
		{79DE351C-6EB9-4305-85AD-69FE89338049}.Debug|Win32.Build.0 = Debug|Win32
		{79DE351C-6EB9-4305-85AD-69FE89338049}.Release|Win32.ActiveCfg = Release|Win32
		{79DE351C-6EB9-4305-85AD-69FE89338049}.Release|Win32.Build.0 = Release|Win32
	EndGlobalSection
	GlobalSection(SolutionProperties) = preSolution
		HideSolutionNode = FALSE
	EndGlobalSection
	GlobalSection(Performance) = preSolution
		HasPerformanceSessions = true
	EndGlobalSection
EndGlobal
