
Microsoft Visual Studio Solution File, Format Version 10.00
# Visual Studio 2008
Project("{8BC9CEB8-8B4A-11D0-8D11-00A0C91BC942}") = "effect_c++_glut", "effect_c++_glut\effect_c++_glut.vcproj", "{E18604BD-4795-4A15-9320-27374A593B6A}"
EndProject
Global
	GlobalSection(SolutionConfigurationPlatforms) = preSolution
		Debug|Win32 = Debug|Win32
		Release|Win32 = Release|Win32
	EndGlobalSection
	GlobalSection(ProjectConfigurationPlatforms) = postSolution
		{E18604BD-4795-4A15-9320-27374A593B6A}.Debug|Win32.ActiveCfg = Debug|Win32
		{E18604BD-4795-4A15-9320-27374A593B6A}.Debug|Win32.Build.0 = Debug|Win32
		{E18604BD-4795-4A15-9320-27374A593B6A}.Release|Win32.ActiveCfg = Release|Win32
		{E18604BD-4795-4A15-9320-27374A593B6A}.Release|Win32.Build.0 = Release|Win32
	EndGlobalSection
	GlobalSection(SolutionProperties) = preSolution
		HideSolutionNode = FALSE
	EndGlobalSection
EndGlobal
