
Microsoft Visual Studio Solution File, Format Version 12.00
# Visual Studio 14
VisualStudioVersion = 14.0.25420.1
MinimumVisualStudioVersion = 10.0.40219.1
Project("{8BC9CEB8-8B4A-11D0-8D11-00A0C91BC942}") = "My_C++_OpenGL_01", "My_C++_OpenGL_01\My_C++_OpenGL_01.vcxproj", "{2205CBE1-D0A9-4503-BA8B-990F59F93DB6}"
EndProject
Global
	GlobalSection(SolutionConfigurationPlatforms) = preSolution
		Debug|Win32 = Debug|Win32
		Release|Win32 = Release|Win32
	EndGlobalSection
	GlobalSection(ProjectConfigurationPlatforms) = postSolution
		{2205CBE1-D0A9-4503-BA8B-990F59F93DB6}.Debug|Win32.ActiveCfg = Debug|Win32
		{2205CBE1-D0A9-4503-BA8B-990F59F93DB6}.Debug|Win32.Build.0 = Debug|Win32
		{2205CBE1-D0A9-4503-BA8B-990F59F93DB6}.Release|Win32.ActiveCfg = Release|Win32
		{2205CBE1-D0A9-4503-BA8B-990F59F93DB6}.Release|Win32.Build.0 = Release|Win32
	EndGlobalSection
	GlobalSection(SolutionProperties) = preSolution
		HideSolutionNode = FALSE
	EndGlobalSection
EndGlobal
