
Microsoft Visual Studio Solution File, Format Version 12.00
# Visual Studio Version 16
VisualStudioVersion = 16.0.28922.388
MinimumVisualStudioVersion = 10.0.40219.1
Project("{FAE04EC0-301F-11D3-BF4B-00C04F79EFBC}") = "windows_game_CSharp", "windows_game_CSharp\windows_game_CSharp.csproj", "{BCCB3ED9-31F2-4A3B-8108-C8306E22FDB9}"
EndProject
Global
	GlobalSection(SolutionConfigurationPlatforms) = preSolution
		Debug|Any CPU = Debug|Any CPU
		Release|Any CPU = Release|Any CPU
	EndGlobalSection
	GlobalSection(ProjectConfigurationPlatforms) = postSolution
		{BCCB3ED9-31F2-4A3B-8108-C8306E22FDB9}.Debug|Any CPU.ActiveCfg = Debug|Any CPU
		{BCCB3ED9-31F2-4A3B-8108-C8306E22FDB9}.Debug|Any CPU.Build.0 = Debug|Any CPU
		{BCCB3ED9-31F2-4A3B-8108-C8306E22FDB9}.Release|Any CPU.ActiveCfg = Release|Any CPU
		{BCCB3ED9-31F2-4A3B-8108-C8306E22FDB9}.Release|Any CPU.Build.0 = Release|Any CPU
	EndGlobalSection
	GlobalSection(SolutionProperties) = preSolution
		HideSolutionNode = FALSE
	EndGlobalSection
	GlobalSection(ExtensibilityGlobals) = postSolution
		SolutionGuid = {39B43308-40FA-4837-8584-2656015A24AB}
	EndGlobalSection
EndGlobal
